
Microsoft Visual Studio Solution File, Format Version 12.00
# Visual Studio Version 17
VisualStudioVersion = 17.10.35027.167
MinimumVisualStudioVersion = 10.0.40219.1
Project("{FAE04EC0-301F-11D3-BF4B-00C04F79EFBC}") = "Shadran.AP.Exporter", "Shadran.AP.Exporter\Shadran.AP.Exporter.csproj", "{669503B0-145A-4E50-A66A-B41BE2D134F9}"
EndProject
Global
	GlobalSection(SolutionConfigurationPlatforms) = preSolution
		Debug|Any CPU = Debug|Any CPU
		Release|Any CPU = Release|Any CPU
	EndGlobalSection
	GlobalSection(ProjectConfigurationPlatforms) = postSolution
		{669503B0-145A-4E50-A66A-B41BE2D134F9}.Debug|Any CPU.ActiveCfg = Debug|Any CPU
		{669503B0-145A-4E50-A66A-B41BE2D134F9}.Debug|Any CPU.Build.0 = Debug|Any CPU
		{669503B0-145A-4E50-A66A-B41BE2D134F9}.Release|Any CPU.ActiveCfg = Release|Any CPU
		{669503B0-145A-4E50-A66A-B41BE2D134F9}.Release|Any CPU.Build.0 = Release|Any CPU
	EndGlobalSection
	GlobalSection(SolutionProperties) = preSolution
		HideSolutionNode = FALSE
	EndGlobalSection
	GlobalSection(ExtensibilityGlobals) = postSolution
		SolutionGuid = {C70E149C-4CF1-459C-889D-69DADF56BF49}
	EndGlobalSection
EndGlobal
